
Microsoft Visual Studio Solution File, Format Version 12.00
# Visual Studio 15
VisualStudioVersion = 15.0.27130.2027
MinimumVisualStudioVersion = 10.0.40219.1
Project("{FAE04EC0-301F-11D3-BF4B-00C04F79EFBC}") = "TripTracker.BackService", "TripTracker.BackService\TripTracker.BackService.csproj", "{6EC787F6-F5F8-4221-A2D4-30AB4B1C65CA}"
EndProject
Global
	GlobalSection(SolutionConfigurationPlatforms) = preSolution
		Debug|Any CPU = Debug|Any CPU
		Release|Any CPU = Release|Any CPU
	EndGlobalSection
	GlobalSection(ProjectConfigurationPlatforms) = postSolution
		{6EC787F6-F5F8-4221-A2D4-30AB4B1C65CA}.Debug|Any CPU.ActiveCfg = Debug|Any CPU
		{6EC787F6-F5F8-4221-A2D4-30AB4B1C65CA}.Debug|Any CPU.Build.0 = Debug|Any CPU
		{6EC787F6-F5F8-4221-A2D4-30AB4B1C65CA}.Release|Any CPU.ActiveCfg = Release|Any CPU
		{6EC787F6-F5F8-4221-A2D4-30AB4B1C65CA}.Release|Any CPU.Build.0 = Release|Any CPU
	EndGlobalSection
	GlobalSection(SolutionProperties) = preSolution
		HideSolutionNode = FALSE
	EndGlobalSection
	GlobalSection(ExtensibilityGlobals) = postSolution
		SolutionGuid = {5BF5E9F0-17FC-4B30-B895-71F0906346A6}
	EndGlobalSection
EndGlobal
